// !$*UTF8*$!
{
	archiveVersion = 1;
	classes = {
	};
	objectVersion = 56;
	objects = {

/* Begin PBXBuildFile section */
		573E3CF3292BBE72009A7D69 /* M3U8LiveView.swift in Sources */ = {isa = PBXBuildFile; fileRef = 573E3CF2292BBE72009A7D69 /* M3U8LiveView.swift */; };
		573E3CF5292BC087009A7D69 /* M3U8LivePlayerViewController.swift in Sources */ = {isa = PBXBuildFile; fileRef = 573E3CF4292BC087009A7D69 /* M3U8LivePlayerViewController.swift */; };
		573E3CF7292BC11A009A7D69 /* M3U8LivePlayView.swift in Sources */ = {isa = PBXBuildFile; fileRef = 573E3CF6292BC11A009A7D69 /* M3U8LivePlayView.swift */; };
		5748DB6D292B97AC00EF3277 /* CCRequest.swift in Sources */ = {isa = PBXBuildFile; fileRef = 5748DB6B292B97AC00EF3277 /* CCRequest.swift */; };
		5748DB6E292B97AC00EF3277 /* WebRequest.swift in Sources */ = {isa = PBXBuildFile; fileRef = 5748DB6C292B97AC00EF3277 /* WebRequest.swift */; };
		5748DB70292B982600EF3277 /* CCLiveView.swift in Sources */ = {isa = PBXBuildFile; fileRef = 5748DB6F292B982600EF3277 /* CCLiveView.swift */; };
		57BB0CAE292B67DA00617C2E /* liveTestApp.swift in Sources */ = {isa = PBXBuildFile; fileRef = 57BB0CAD292B67DA00617C2E /* liveTestApp.swift */; };
		57BB0CB0292B67DA00617C2E /* ContentView.swift in Sources */ = {isa = PBXBuildFile; fileRef = 57BB0CAF292B67DA00617C2E /* ContentView.swift */; };
		57BB0CB2292B67DC00617C2E /* Assets.xcassets in Resources */ = {isa = PBXBuildFile; fileRef = 57BB0CB1292B67DC00617C2E /* Assets.xcassets */; };
		57BB0CB5292B67DC00617C2E /* Preview Assets.xcassets in Resources */ = {isa = PBXBuildFile; fileRef = 57BB0CB4292B67DC00617C2E /* Preview Assets.xcassets */; };
		57D9E75B292B690C00D4570A /* CommonPlayerViewController.swift in Sources */ = {isa = PBXBuildFile; fileRef = 57D9E759292B690B00D4570A /* CommonPlayerViewController.swift */; };
		57D9E75E292B69D400D4570A /* Alamofire in Frameworks */ = {isa = PBXBuildFile; productRef = 57D9E75D292B69D400D4570A /* Alamofire */; };
		57D9E761292B69E400D4570A /* SwiftyJSON in Frameworks */ = {isa = PBXBuildFile; productRef = 57D9E760292B69E400D4570A /* SwiftyJSON */; };
		57D9E764292B6D2700D4570A /* CCLivePlayerViewController.swift in Sources */ = {isa = PBXBuildFile; fileRef = 57D9E763292B6D2700D4570A /* CCLivePlayerViewController.swift */; };
		57D9E769292B72DD00D4570A /* CCLivePlayView.swift in Sources */ = {isa = PBXBuildFile; fileRef = 57D9E768292B72DD00D4570A /* CCLivePlayView.swift */; };
		57F10ED7292B7F1B00FFEBD5 /* SnapKit in Frameworks */ = {isa = PBXBuildFile; productRef = 57F10ED6292B7F1B00FFEBD5 /* SnapKit */; };
/* End PBXBuildFile section */

/* Begin PBXFileReference section */
		573E3CF2292BBE72009A7D69 /* M3U8LiveView.swift */ = {isa = PBXFileReference; lastKnownFileType = sourcecode.swift; path = M3U8LiveView.swift; sourceTree = "<group>"; };
		573E3CF4292BC087009A7D69 /* M3U8LivePlayerViewController.swift */ = {isa = PBXFileReference; lastKnownFileType = sourcecode.swift; path = M3U8LivePlayerViewController.swift; sourceTree = "<group>"; };
		573E3CF6292BC11A009A7D69 /* M3U8LivePlayView.swift */ = {isa = PBXFileReference; lastKnownFileType = sourcecode.swift; path = M3U8LivePlayView.swift; sourceTree = "<group>"; };
		5748DB6B292B97AC00EF3277 /* CCRequest.swift */ = {isa = PBXFileReference; fileEncoding = 4; lastKnownFileType = sourcecode.swift; path = CCRequest.swift; sourceTree = "<group>"; };
		5748DB6C292B97AC00EF3277 /* WebRequest.swift */ = {isa = PBXFileReference; fileEncoding = 4; lastKnownFileType = sourcecode.swift; path = WebRequest.swift; sourceTree = "<group>"; };
		5748DB6F292B982600EF3277 /* CCLiveView.swift */ = {isa = PBXFileReference; lastKnownFileType = sourcecode.swift; path = CCLiveView.swift; sourceTree = "<group>"; };
		57BB0CAA292B67DA00617C2E /* liveTest.app */ = {isa = PBXFileReference; explicitFileType = wrapper.application; includeInIndex = 0; path = liveTest.app; sourceTree = BUILT_PRODUCTS_DIR; };
		57BB0CAD292B67DA00617C2E /* liveTestApp.swift */ = {isa = PBXFileReference; lastKnownFileType = sourcecode.swift; path = liveTestApp.swift; sourceTree = "<group>"; };
		57BB0CAF292B67DA00617C2E /* ContentView.swift */ = {isa = PBXFileReference; lastKnownFileType = sourcecode.swift; path = ContentView.swift; sourceTree = "<group>"; };
		57BB0CB1292B67DC00617C2E /* Assets.xcassets */ = {isa = PBXFileReference; lastKnownFileType = folder.assetcatalog; path = Assets.xcassets; sourceTree = "<group>"; };
		57BB0CB4292B67DC00617C2E /* Preview Assets.xcassets */ = {isa = PBXFileReference; lastKnownFileType = folder.assetcatalog; path = "Preview Assets.xcassets"; sourceTree = "<group>"; };
		57D9E759292B690B00D4570A /* CommonPlayerViewController.swift */ = {isa = PBXFileReference; fileEncoding = 4; lastKnownFileType = sourcecode.swift; path = CommonPlayerViewController.swift; sourceTree = "<group>"; };
		57D9E763292B6D2700D4570A /* CCLivePlayerViewController.swift */ = {isa = PBXFileReference; lastKnownFileType = sourcecode.swift; path = CCLivePlayerViewController.swift; sourceTree = "<group>"; };
		57D9E768292B72DD00D4570A /* CCLivePlayView.swift */ = {isa = PBXFileReference; lastKnownFileType = sourcecode.swift; path = CCLivePlayView.swift; sourceTree = "<group>"; };
		57E28CEC292B81AE002E54BD /* Info.plist */ = {isa = PBXFileReference; lastKnownFileType = text.plist; path = Info.plist; sourceTree = "<group>"; };
/* End PBXFileReference section */

/* Begin PBXFrameworksBuildPhase section */
		57BB0CA7292B67DA00617C2E /* Frameworks */ = {
			isa = PBXFrameworksBuildPhase;
			buildActionMask = 2147483647;
			files = (
				57F10ED7292B7F1B00FFEBD5 /* SnapKit in Frameworks */,
				57D9E761292B69E400D4570A /* SwiftyJSON in Frameworks */,
				57D9E75E292B69D400D4570A /* Alamofire in Frameworks */,
			);
			runOnlyForDeploymentPostprocessing = 0;
		};
/* End PBXFrameworksBuildPhase section */

/* Begin PBXGroup section */
		5748DB6A292B978800EF3277 /* Request */ = {
			isa = PBXGroup;
			children = (
				5748DB6B292B97AC00EF3277 /* CCRequest.swift */,
				5748DB6C292B97AC00EF3277 /* WebRequest.swift */,
			);
			path = Request;
			sourceTree = "<group>";
		};
		57BB0CA1292B67DA00617C2E = {
			isa = PBXGroup;
			children = (
				57BB0CAC292B67DA00617C2E /* liveTest */,
				57BB0CAB292B67DA00617C2E /* Products */,
			);
			sourceTree = "<group>";
		};
		57BB0CAB292B67DA00617C2E /* Products */ = {
			isa = PBXGroup;
			children = (
				57BB0CAA292B67DA00617C2E /* liveTest.app */,
			);
			name = Products;
			sourceTree = "<group>";
		};
		57BB0CAC292B67DA00617C2E /* liveTest */ = {
			isa = PBXGroup;
			children = (
				57E28CEC292B81AE002E54BD /* Info.plist */,
				5748DB6A292B978800EF3277 /* Request */,
				57D9E765292B72A600D4570A /* Views */,
				57D9E756292B68C200D4570A /* Component */,
				57BB0CBB292B687D00617C2E /* Supporting Files */,
				57BB0CAD292B67DA00617C2E /* liveTestApp.swift */,
				57BB0CAF292B67DA00617C2E /* ContentView.swift */,
			);
			path = liveTest;
			sourceTree = "<group>";
		};
		57BB0CB3292B67DC00617C2E /* Preview Content */ = {
			isa = PBXGroup;
			children = (
				57BB0CB4292B67DC00617C2E /* Preview Assets.xcassets */,
			);
			name = "Preview Content";
			path = "../Preview Content";
			sourceTree = "<group>";
		};
		57BB0CBB292B687D00617C2E /* Supporting Files */ = {
			isa = PBXGroup;
			children = (
				57BB0CB1292B67DC00617C2E /* Assets.xcassets */,
				57BB0CB3292B67DC00617C2E /* Preview Content */,
			);
			path = "Supporting Files";
			sourceTree = "<group>";
		};
		57D9E756292B68C200D4570A /* Component */ = {
			isa = PBXGroup;
			children = (
				57D9E762292B6D0C00D4570A /* Live */,
				57D9E757292B68F700D4570A /* Player */,
			);
			path = Component;
			sourceTree = "<group>";
		};
		57D9E757292B68F700D4570A /* Player */ = {
			isa = PBXGroup;
			children = (
				57D9E759292B690B00D4570A /* CommonPlayerViewController.swift */,
			);
			path = Player;
			sourceTree = "<group>";
		};
		57D9E762292B6D0C00D4570A /* Live */ = {
			isa = PBXGroup;
			children = (
				57D9E763292B6D2700D4570A /* CCLivePlayerViewController.swift */,
				573E3CF4292BC087009A7D69 /* M3U8LivePlayerViewController.swift */,
			);
			path = Live;
			sourceTree = "<group>";
		};
		57D9E765292B72A600D4570A /* Views */ = {
			isa = PBXGroup;
			children = (
				57D9E767292B72BC00D4570A /* LivePlay */,
				57D9E766292B72AE00D4570A /* Display */,
			);
			path = Views;
			sourceTree = "<group>";
		};
		57D9E766292B72AE00D4570A /* Display */ = {
			isa = PBXGroup;
			children = (
				5748DB6F292B982600EF3277 /* CCLiveView.swift */,
				573E3CF2292BBE72009A7D69 /* M3U8LiveView.swift */,
			);
			path = Display;
			sourceTree = "<group>";
		};
		57D9E767292B72BC00D4570A /* LivePlay */ = {
			isa = PBXGroup;
			children = (
				57D9E768292B72DD00D4570A /* CCLivePlayView.swift */,
				573E3CF6292BC11A009A7D69 /* M3U8LivePlayView.swift */,
			);
			path = LivePlay;
			sourceTree = "<group>";
		};
/* End PBXGroup section */

/* Begin PBXNativeTarget section */
		57BB0CA9292B67DA00617C2E /* liveTest */ = {
			isa = PBXNativeTarget;
			buildConfigurationList = 57BB0CB8292B67DC00617C2E /* Build configuration list for PBXNativeTarget "liveTest" */;
			buildPhases = (
				57BB0CA6292B67DA00617C2E /* Sources */,
				57BB0CA7292B67DA00617C2E /* Frameworks */,
				57BB0CA8292B67DA00617C2E /* Resources */,
			);
			buildRules = (
			);
			dependencies = (
			);
			name = liveTest;
			packageProductDependencies = (
				57D9E75D292B69D400D4570A /* Alamofire */,
				57D9E760292B69E400D4570A /* SwiftyJSON */,
				57F10ED6292B7F1B00FFEBD5 /* SnapKit */,
			);
			productName = liveTest;
			productReference = 57BB0CAA292B67DA00617C2E /* liveTest.app */;
			productType = "com.apple.product-type.application";
		};
/* End PBXNativeTarget section */

/* Begin PBXProject section */
		57BB0CA2292B67DA00617C2E /* Project object */ = {
			isa = PBXProject;
			attributes = {
				BuildIndependentTargetsInParallel = 1;
				LastSwiftUpdateCheck = 1400;
				LastUpgradeCheck = 1400;
				TargetAttributes = {
					57BB0CA9292B67DA00617C2E = {
						CreatedOnToolsVersion = 14.0.1;
					};
				};
			};
			buildConfigurationList = 57BB0CA5292B67DA00617C2E /* Build configuration list for PBXProject "liveTest" */;
			compatibilityVersion = "Xcode 14.0";
			developmentRegion = en;
			hasScannedForEncodings = 0;
			knownRegions = (
				en,
				Base,
			);
			mainGroup = 57BB0CA1292B67DA00617C2E;
			packageReferences = (
				57D9E75C292B69D400D4570A /* XCRemoteSwiftPackageReference "Alamofire" */,
				57D9E75F292B69E400D4570A /* XCRemoteSwiftPackageReference "SwiftyJSON" */,
				57F10ED5292B7F1B00FFEBD5 /* XCRemoteSwiftPackageReference "SnapKit" */,
			);
			productRefGroup = 57BB0CAB292B67DA00617C2E /* Products */;
			projectDirPath = "";
			projectRoot = "";
			targets = (
				57BB0CA9292B67DA00617C2E /* liveTest */,
			);
		};
/* End PBXProject section */

/* Begin PBXResourcesBuildPhase section */
		57BB0CA8292B67DA00617C2E /* Resources */ = {
			isa = PBXResourcesBuildPhase;
			buildActionMask = 2147483647;
			files = (
				57BB0CB5292B67DC00617C2E /* Preview Assets.xcassets in Resources */,
				57BB0CB2292B67DC00617C2E /* Assets.xcassets in Resources */,
			);
			runOnlyForDeploymentPostprocessing = 0;
		};
/* End PBXResourcesBuildPhase section */

/* Begin PBXSourcesBuildPhase section */
		57BB0CA6292B67DA00617C2E /* Sources */ = {
			isa = PBXSourcesBuildPhase;
			buildActionMask = 2147483647;
			files = (
				57D9E769292B72DD00D4570A /* CCLivePlayView.swift in Sources */,
				5748DB6D292B97AC00EF3277 /* CCRequest.swift in Sources */,
				5748DB6E292B97AC00EF3277 /* WebRequest.swift in Sources */,
				57D9E75B292B690C00D4570A /* CommonPlayerViewController.swift in Sources */,
				5748DB70292B982600EF3277 /* CCLiveView.swift in Sources */,
				573E3CF7292BC11A009A7D69 /* M3U8LivePlayView.swift in Sources */,
				57D9E764292B6D2700D4570A /* CCLivePlayerViewController.swift in Sources */,
				573E3CF3292BBE72009A7D69 /* M3U8LiveView.swift in Sources */,
				57BB0CB0292B67DA00617C2E /* ContentView.swift in Sources */,
				573E3CF5292BC087009A7D69 /* M3U8LivePlayerViewController.swift in Sources */,
				57BB0CAE292B67DA00617C2E /* liveTestApp.swift in Sources */,
			);
			runOnlyForDeploymentPostprocessing = 0;
		};
/* End PBXSourcesBuildPhase section */

/* Begin XCBuildConfiguration section */
		57BB0CB6292B67DC00617C2E /* Debug */ = {
			isa = XCBuildConfiguration;
			buildSettings = {
				ALWAYS_SEARCH_USER_PATHS = NO;
				CLANG_ANALYZER_NONNULL = YES;
				CLANG_ANALYZER_NUMBER_OBJECT_CONVERSION = YES_AGGRESSIVE;
				CLANG_CXX_LANGUAGE_STANDARD = "gnu++20";
				CLANG_ENABLE_MODULES = YES;
				CLANG_ENABLE_OBJC_ARC = YES;
				CLANG_ENABLE_OBJC_WEAK = YES;
				CLANG_WARN_BLOCK_CAPTURE_AUTORELEASING = YES;
				CLANG_WARN_BOOL_CONVERSION = YES;
				CLANG_WARN_COMMA = YES;
				CLANG_WARN_CONSTANT_CONVERSION = YES;
				CLANG_WARN_DEPRECATED_OBJC_IMPLEMENTATIONS = YES;
				CLANG_WARN_DIRECT_OBJC_ISA_USAGE = YES_ERROR;
				CLANG_WARN_DOCUMENTATION_COMMENTS = YES;
				CLANG_WARN_EMPTY_BODY = YES;
				CLANG_WARN_ENUM_CONVERSION = YES;
				CLANG_WARN_INFINITE_RECURSION = YES;
				CLANG_WARN_INT_CONVERSION = YES;
				CLANG_WARN_NON_LITERAL_NULL_CONVERSION = YES;
				CLANG_WARN_OBJC_IMPLICIT_RETAIN_SELF = YES;
				CLANG_WARN_OBJC_LITERAL_CONVERSION = YES;
				CLANG_WARN_OBJC_ROOT_CLASS = YES_ERROR;
				CLANG_WARN_QUOTED_INCLUDE_IN_FRAMEWORK_HEADER = YES;
				CLANG_WARN_RANGE_LOOP_ANALYSIS = YES;
				CLANG_WARN_STRICT_PROTOTYPES = YES;
				CLANG_WARN_SUSPICIOUS_MOVE = YES;
				CLANG_WARN_UNGUARDED_AVAILABILITY = YES_AGGRESSIVE;
				CLANG_WARN_UNREACHABLE_CODE = YES;
				CLANG_WARN__DUPLICATE_METHOD_MATCH = YES;
				COPY_PHASE_STRIP = NO;
				DEBUG_INFORMATION_FORMAT = dwarf;
				ENABLE_STRICT_OBJC_MSGSEND = YES;
				ENABLE_TESTABILITY = YES;
				GCC_C_LANGUAGE_STANDARD = gnu11;
				GCC_DYNAMIC_NO_PIC = NO;
				GCC_NO_COMMON_BLOCKS = YES;
				GCC_OPTIMIZATION_LEVEL = 0;
				GCC_PREPROCESSOR_DEFINITIONS = (
					"DEBUG=1",
					"$(inherited)",
				);
				GCC_WARN_64_TO_32_BIT_CONVERSION = YES;
				GCC_WARN_ABOUT_RETURN_TYPE = YES_ERROR;
				GCC_WARN_UNDECLARED_SELECTOR = YES;
				GCC_WARN_UNINITIALIZED_AUTOS = YES_AGGRESSIVE;
				GCC_WARN_UNUSED_FUNCTION = YES;
				GCC_WARN_UNUSED_VARIABLE = YES;
				MTL_ENABLE_DEBUG_INFO = INCLUDE_SOURCE;
				MTL_FAST_MATH = YES;
				ONLY_ACTIVE_ARCH = YES;
				SDKROOT = appletvos;
				SWIFT_ACTIVE_COMPILATION_CONDITIONS = DEBUG;
				SWIFT_OPTIMIZATION_LEVEL = "-Onone";
				TVOS_DEPLOYMENT_TARGET = 15.0;
			};
			name = Debug;
		};
		57BB0CB7292B67DC00617C2E /* Release */ = {
			isa = XCBuildConfiguration;
			buildSettings = {
				ALWAYS_SEARCH_USER_PATHS = NO;
				CLANG_ANALYZER_NONNULL = YES;
				CLANG_ANALYZER_NUMBER_OBJECT_CONVERSION = YES_AGGRESSIVE;
				CLANG_CXX_LANGUAGE_STANDARD = "gnu++20";
				CLANG_ENABLE_MODULES = YES;
				CLANG_ENABLE_OBJC_ARC = YES;
				CLANG_ENABLE_OBJC_WEAK = YES;
				CLANG_WARN_BLOCK_CAPTURE_AUTORELEASING = YES;
				CLANG_WARN_BOOL_CONVERSION = YES;
				CLANG_WARN_COMMA = YES;
				CLANG_WARN_CONSTANT_CONVERSION = YES;
				CLANG_WARN_DEPRECATED_OBJC_IMPLEMENTATIONS = YES;
				CLANG_WARN_DIRECT_OBJC_ISA_USAGE = YES_ERROR;
				CLANG_WARN_DOCUMENTATION_COMMENTS = YES;
				CLANG_WARN_EMPTY_BODY = YES;
				CLANG_WARN_ENUM_CONVERSION = YES;
				CLANG_WARN_INFINITE_RECURSION = YES;
				CLANG_WARN_INT_CONVERSION = YES;
				CLANG_WARN_NON_LITERAL_NULL_CONVERSION = YES;
				CLANG_WARN_OBJC_IMPLICIT_RETAIN_SELF = YES;
				CLANG_WARN_OBJC_LITERAL_CONVERSION = YES;
				CLANG_WARN_OBJC_ROOT_CLASS = YES_ERROR;
				CLANG_WARN_QUOTED_INCLUDE_IN_FRAMEWORK_HEADER = YES;
				CLANG_WARN_RANGE_LOOP_ANALYSIS = YES;
				CLANG_WARN_STRICT_PROTOTYPES = YES;
				CLANG_WARN_SUSPICIOUS_MOVE = YES;
				CLANG_WARN_UNGUARDED_AVAILABILITY = YES_AGGRESSIVE;
				CLANG_WARN_UNREACHABLE_CODE = YES;
				CLANG_WARN__DUPLICATE_METHOD_MATCH = YES;
				COPY_PHASE_STRIP = NO;
				DEBUG_INFORMATION_FORMAT = "dwarf-with-dsym";
				ENABLE_NS_ASSERTIONS = NO;
				ENABLE_STRICT_OBJC_MSGSEND = YES;
				GCC_C_LANGUAGE_STANDARD = gnu11;
				GCC_NO_COMMON_BLOCKS = YES;
				GCC_WARN_64_TO_32_BIT_CONVERSION = YES;
				GCC_WARN_ABOUT_RETURN_TYPE = YES_ERROR;
				GCC_WARN_UNDECLARED_SELECTOR = YES;
				GCC_WARN_UNINITIALIZED_AUTOS = YES_AGGRESSIVE;
				GCC_WARN_UNUSED_FUNCTION = YES;
				GCC_WARN_UNUSED_VARIABLE = YES;
				MTL_ENABLE_DEBUG_INFO = NO;
				MTL_FAST_MATH = YES;
				SDKROOT = appletvos;
				SWIFT_COMPILATION_MODE = wholemodule;
				SWIFT_OPTIMIZATION_LEVEL = "-O";
				TVOS_DEPLOYMENT_TARGET = 15.0;
				VALIDATE_PRODUCT = YES;
			};
			name = Release;
		};
		57BB0CB9292B67DC00617C2E /* Debug */ = {
			isa = XCBuildConfiguration;
			buildSettings = {
				ASSETCATALOG_COMPILER_APPICON_NAME = "App Icon & Top Shelf Image";
				ASSETCATALOG_COMPILER_GLOBAL_ACCENT_COLOR_NAME = AccentColor;
				CODE_SIGN_STYLE = Automatic;
				CURRENT_PROJECT_VERSION = 1;
				DEVELOPMENT_ASSET_PATHS = "\"liveTest/Supporting Files/Preview Content\"";
				DEVELOPMENT_TEAM = "";
				ENABLE_PREVIEWS = YES;
				GENERATE_INFOPLIST_FILE = YES;
				INFOPLIST_FILE = liveTest/Info.plist;
				INFOPLIST_KEY_UILaunchScreen_Generation = YES;
				INFOPLIST_KEY_UIUserInterfaceStyle = Automatic;
				LD_RUNPATH_SEARCH_PATHS = (
					"$(inherited)",
					"@executable_path/Frameworks",
				);
				MARKETING_VERSION = 1.0;
				PRODUCT_BUNDLE_IDENTIFIER = lhw.atv.liveTest;
				PRODUCT_NAME = "$(TARGET_NAME)";
				SWIFT_EMIT_LOC_STRINGS = YES;
				SWIFT_VERSION = 5.0;
				TARGETED_DEVICE_FAMILY = 3;
				TVOS_DEPLOYMENT_TARGET = 15.0;
			};
			name = Debug;
		};
		57BB0CBA292B67DC00617C2E /* Release */ = {
			isa = XCBuildConfiguration;
			buildSettings = {
				ASSETCATALOG_COMPILER_APPICON_NAME = "App Icon & Top Shelf Image";
				ASSETCATALOG_COMPILER_GLOBAL_ACCENT_COLOR_NAME = AccentColor;
				CODE_SIGN_STYLE = Automatic;
				CURRENT_PROJECT_VERSION = 1;
				DEVELOPMENT_ASSET_PATHS = "\"liveTest/Supporting Files/Preview Content\"";
				DEVELOPMENT_TEAM = "";
				ENABLE_PREVIEWS = YES;
				GENERATE_INFOPLIST_FILE = YES;
				INFOPLIST_FILE = liveTest/Info.plist;
				INFOPLIST_KEY_UILaunchScreen_Generation = YES;
				INFOPLIST_KEY_UIUserInterfaceStyle = Automatic;
				LD_RUNPATH_SEARCH_PATHS = (
					"$(inherited)",
					"@executable_path/Frameworks",
				);
				MARKETING_VERSION = 1.0;
				PRODUCT_BUNDLE_IDENTIFIER = lhw.atv.liveTest;
				PRODUCT_NAME = "$(TARGET_NAME)";
				SWIFT_EMIT_LOC_STRINGS = YES;
				SWIFT_VERSION = 5.0;
				TARGETED_DEVICE_FAMILY = 3;
				TVOS_DEPLOYMENT_TARGET = 15.0;
			};
			name = Release;
		};
/* End XCBuildConfiguration section */

/* Begin XCConfigurationList section */
		57BB0CA5292B67DA00617C2E /* Build configuration list for PBXProject "liveTest" */ = {
			isa = XCConfigurationList;
			buildConfigurations = (
				57BB0CB6292B67DC00617C2E /* Debug */,
				57BB0CB7292B67DC00617C2E /* Release */,
			);
			defaultConfigurationIsVisible = 0;
			defaultConfigurationName = Release;
		};
		57BB0CB8292B67DC00617C2E /* Build configuration list for PBXNativeTarget "liveTest" */ = {
			isa = XCConfigurationList;
			buildConfigurations = (
				57BB0CB9292B67DC00617C2E /* Debug */,
				57BB0CBA292B67DC00617C2E /* Release */,
			);
			defaultConfigurationIsVisible = 0;
			defaultConfigurationName = Release;
		};
/* End XCConfigurationList section */

/* Begin XCRemoteSwiftPackageReference section */
		57D9E75C292B69D400D4570A /* XCRemoteSwiftPackageReference "Alamofire" */ = {
			isa = XCRemoteSwiftPackageReference;
			repositoryURL = "https://github.com/Alamofire/Alamofire.git";
			requirement = {
				kind = upToNextMajorVersion;
				minimumVersion = 5.0.0;
			};
		};
		57D9E75F292B69E400D4570A /* XCRemoteSwiftPackageReference "SwiftyJSON" */ = {
			isa = XCRemoteSwiftPackageReference;
			repositoryURL = "https://github.com/SwiftyJSON/SwiftyJSON.git";
			requirement = {
				kind = upToNextMajorVersion;
				minimumVersion = 5.0.0;
			};
		};
		57F10ED5292B7F1B00FFEBD5 /* XCRemoteSwiftPackageReference "SnapKit" */ = {
			isa = XCRemoteSwiftPackageReference;
			repositoryURL = "https://github.com/SnapKit/SnapKit";
			requirement = {
				kind = upToNextMajorVersion;
				minimumVersion = 5.0.0;
			};
		};
/* End XCRemoteSwiftPackageReference section */

/* Begin XCSwiftPackageProductDependency section */
		57D9E75D292B69D400D4570A /* Alamofire */ = {
			isa = XCSwiftPackageProductDependency;
			package = 57D9E75C292B69D400D4570A /* XCRemoteSwiftPackageReference "Alamofire" */;
			productName = Alamofire;
		};
		57D9E760292B69E400D4570A /* SwiftyJSON */ = {
			isa = XCSwiftPackageProductDependency;
			package = 57D9E75F292B69E400D4570A /* XCRemoteSwiftPackageReference "SwiftyJSON" */;
			productName = SwiftyJSON;
		};
		57F10ED6292B7F1B00FFEBD5 /* SnapKit */ = {
			isa = XCSwiftPackageProductDependency;
			package = 57F10ED5292B7F1B00FFEBD5 /* XCRemoteSwiftPackageReference "SnapKit" */;
			productName = SnapKit;
		};
/* End XCSwiftPackageProductDependency section */
	};
	rootObject = 57BB0CA2292B67DA00617C2E /* Project object */;
}
